
Microsoft Visual Studio Solution File, Format Version 12.00
# Visual Studio 15
VisualStudioVersion = 15.0.27703.2000
MinimumVisualStudioVersion = 10.0.40219.1
Project("{F184B08F-C81C-45F6-A57F-5ABD9991F28F}") = "RecetasWF", "RecetasWF\RecetasWF.vbproj", "{428092DB-90A4-415C-A216-49F5B780AA33}"
EndProject
Global
	GlobalSection(SolutionConfigurationPlatforms) = preSolution
		Debug|Any CPU = Debug|Any CPU
		Release|Any CPU = Release|Any CPU
	EndGlobalSection
	GlobalSection(ProjectConfigurationPlatforms) = postSolution
		{428092DB-90A4-415C-A216-49F5B780AA33}.Debug|Any CPU.ActiveCfg = Debug|Any CPU
		{428092DB-90A4-415C-A216-49F5B780AA33}.Debug|Any CPU.Build.0 = Debug|Any CPU
		{428092DB-90A4-415C-A216-49F5B780AA33}.Release|Any CPU.ActiveCfg = Release|Any CPU
		{428092DB-90A4-415C-A216-49F5B780AA33}.Release|Any CPU.Build.0 = Release|Any CPU
	EndGlobalSection
	GlobalSection(SolutionProperties) = preSolution
		HideSolutionNode = FALSE
	EndGlobalSection
	GlobalSection(ExtensibilityGlobals) = postSolution
		SolutionGuid = {FB4175B9-1CAF-4366-9198-87AC0380C0F4}
	EndGlobalSection
EndGlobal
